
Microsoft Visual Studio Solution File, Format Version 12.00
# Visual Studio Version 17
VisualStudioVersion = 17.14.36401.2 d17.14
MinimumVisualStudioVersion = 10.0.40219.1
Project("{FAE04EC0-301F-11D3-BF4B-00C04F79EFBC}") = "PharmacyApp", "PharmacyApp\PharmacyApp.csproj", "{EA62B552-7B80-466A-96F5-0036A64863D2}"
EndProject
Global
	GlobalSection(SolutionConfigurationPlatforms) = preSolution
		Debug|Any CPU = Debug|Any CPU
		Release|Any CPU = Release|Any CPU
	EndGlobalSection
	GlobalSection(ProjectConfigurationPlatforms) = postSolution
		{EA62B552-7B80-466A-96F5-0036A64863D2}.Debug|Any CPU.ActiveCfg = Debug|Any CPU
		{EA62B552-7B80-466A-96F5-0036A64863D2}.Debug|Any CPU.Build.0 = Debug|Any CPU
		{EA62B552-7B80-466A-96F5-0036A64863D2}.Release|Any CPU.ActiveCfg = Release|Any CPU
		{EA62B552-7B80-466A-96F5-0036A64863D2}.Release|Any CPU.Build.0 = Release|Any CPU
	EndGlobalSection
	GlobalSection(SolutionProperties) = preSolution
		HideSolutionNode = FALSE
	EndGlobalSection
	GlobalSection(ExtensibilityGlobals) = postSolution
		SolutionGuid = {801DA0AE-3413-4F82-BD6D-0808C27AF50C}
	EndGlobalSection
EndGlobal
